
Microsoft Visual Studio Solution File, Format Version 12.00
# Visual Studio Version 17
VisualStudioVersion = 17.4.33103.184
MinimumVisualStudioVersion = 10.0.40219.1
Project("{9A19103F-16F7-4668-BE54-9A1E7A4F7556}") = "Day1_ElvesSnacksCalories", "Day1_ElvesSnacksCalories\Day1_ElvesSnacksCalories.csproj", "{05A5D4D3-17B1-456E-8576-31B15C10D8C5}"
EndProject
Project("{9A19103F-16F7-4668-BE54-9A1E7A4F7556}") = "Day2", "Day2\Day2.csproj", "{D4E827CE-EBCD-4468-89C4-68A29E3B3AEB}"
EndProject
Project("{9A19103F-16F7-4668-BE54-9A1E7A4F7556}") = "2021_day25", "2021_day25\2021_day25.csproj", "{BB2261F8-0747-40C2-88C3-48597EEED3AA}"
EndProject
Project("{9A19103F-16F7-4668-BE54-9A1E7A4F7556}") = "2021_day1", "2021_day1\2021_day1.csproj", "{82C9B124-FEB1-454A-B4CB-9B98ED94218E}"
EndProject
Project("{9A19103F-16F7-4668-BE54-9A1E7A4F7556}") = "2021_day2", "2021_day2\2021_day2.csproj", "{C4FAE668-5DC7-4E4D-B528-40C6410879BE}"
EndProject
Project("{9A19103F-16F7-4668-BE54-9A1E7A4F7556}") = "2021_day3", "2021_day3\2021_day3.csproj", "{CA19EA67-DBC9-4747-BA3A-D08E11CB5E16}"
EndProject
Project("{9A19103F-16F7-4668-BE54-9A1E7A4F7556}") = "Day3_Rucksacks", "Day3_Rucksacks\Day3_Rucksacks.csproj", "{CEC0DA7A-65C0-42D3-B5E5-2DAC4E9EB117}"
EndProject
Project("{9A19103F-16F7-4668-BE54-9A1E7A4F7556}") = "Day4_Camping", "Day4_Camping\Day4_Camping.csproj", "{8E633C7C-EB1C-4C77-AA9E-C5727406A9A8}"
EndProject
Project("{FAE04EC0-301F-11D3-BF4B-00C04F79EFBC}") = "Day5_Crane", "Day5_Crane\Day5_Crane.csproj", "{A8FC37A6-E273-475C-8ABB-9522CA8A2385}"
EndProject
Global
	GlobalSection(SolutionConfigurationPlatforms) = preSolution
		Debug|Any CPU = Debug|Any CPU
		Release|Any CPU = Release|Any CPU
	EndGlobalSection
	GlobalSection(ProjectConfigurationPlatforms) = postSolution
		{05A5D4D3-17B1-456E-8576-31B15C10D8C5}.Debug|Any CPU.ActiveCfg = Debug|Any CPU
		{05A5D4D3-17B1-456E-8576-31B15C10D8C5}.Debug|Any CPU.Build.0 = Debug|Any CPU
		{05A5D4D3-17B1-456E-8576-31B15C10D8C5}.Release|Any CPU.ActiveCfg = Release|Any CPU
		{05A5D4D3-17B1-456E-8576-31B15C10D8C5}.Release|Any CPU.Build.0 = Release|Any CPU
		{D4E827CE-EBCD-4468-89C4-68A29E3B3AEB}.Debug|Any CPU.ActiveCfg = Debug|Any CPU
		{D4E827CE-EBCD-4468-89C4-68A29E3B3AEB}.Debug|Any CPU.Build.0 = Debug|Any CPU
		{D4E827CE-EBCD-4468-89C4-68A29E3B3AEB}.Release|Any CPU.ActiveCfg = Release|Any CPU
		{D4E827CE-EBCD-4468-89C4-68A29E3B3AEB}.Release|Any CPU.Build.0 = Release|Any CPU
		{BB2261F8-0747-40C2-88C3-48597EEED3AA}.Debug|Any CPU.ActiveCfg = Debug|Any CPU
		{BB2261F8-0747-40C2-88C3-48597EEED3AA}.Debug|Any CPU.Build.0 = Debug|Any CPU
		{BB2261F8-0747-40C2-88C3-48597EEED3AA}.Release|Any CPU.ActiveCfg = Release|Any CPU
		{BB2261F8-0747-40C2-88C3-48597EEED3AA}.Release|Any CPU.Build.0 = Release|Any CPU
		{82C9B124-FEB1-454A-B4CB-9B98ED94218E}.Debug|Any CPU.ActiveCfg = Debug|Any CPU
		{82C9B124-FEB1-454A-B4CB-9B98ED94218E}.Debug|Any CPU.Build.0 = Debug|Any CPU
		{82C9B124-FEB1-454A-B4CB-9B98ED94218E}.Release|Any CPU.ActiveCfg = Release|Any CPU
		{82C9B124-FEB1-454A-B4CB-9B98ED94218E}.Release|Any CPU.Build.0 = Release|Any CPU
		{C4FAE668-5DC7-4E4D-B528-40C6410879BE}.Debug|Any CPU.ActiveCfg = Debug|Any CPU
		{C4FAE668-5DC7-4E4D-B528-40C6410879BE}.Debug|Any CPU.Build.0 = Debug|Any CPU
		{C4FAE668-5DC7-4E4D-B528-40C6410879BE}.Release|Any CPU.ActiveCfg = Release|Any CPU
		{C4FAE668-5DC7-4E4D-B528-40C6410879BE}.Release|Any CPU.Build.0 = Release|Any CPU
		{CA19EA67-DBC9-4747-BA3A-D08E11CB5E16}.Debug|Any CPU.ActiveCfg = Debug|Any CPU
		{CA19EA67-DBC9-4747-BA3A-D08E11CB5E16}.Debug|Any CPU.Build.0 = Debug|Any CPU
		{CA19EA67-DBC9-4747-BA3A-D08E11CB5E16}.Release|Any CPU.ActiveCfg = Release|Any CPU
		{CA19EA67-DBC9-4747-BA3A-D08E11CB5E16}.Release|Any CPU.Build.0 = Release|Any CPU
		{CEC0DA7A-65C0-42D3-B5E5-2DAC4E9EB117}.Debug|Any CPU.ActiveCfg = Debug|Any CPU
		{CEC0DA7A-65C0-42D3-B5E5-2DAC4E9EB117}.Debug|Any CPU.Build.0 = Debug|Any CPU
		{CEC0DA7A-65C0-42D3-B5E5-2DAC4E9EB117}.Release|Any CPU.ActiveCfg = Release|Any CPU
		{CEC0DA7A-65C0-42D3-B5E5-2DAC4E9EB117}.Release|Any CPU.Build.0 = Release|Any CPU
		{8E633C7C-EB1C-4C77-AA9E-C5727406A9A8}.Debug|Any CPU.ActiveCfg = Debug|Any CPU
		{8E633C7C-EB1C-4C77-AA9E-C5727406A9A8}.Debug|Any CPU.Build.0 = Debug|Any CPU
		{8E633C7C-EB1C-4C77-AA9E-C5727406A9A8}.Release|Any CPU.ActiveCfg = Release|Any CPU
		{8E633C7C-EB1C-4C77-AA9E-C5727406A9A8}.Release|Any CPU.Build.0 = Release|Any CPU
		{A8FC37A6-E273-475C-8ABB-9522CA8A2385}.Debug|Any CPU.ActiveCfg = Debug|Any CPU
		{A8FC37A6-E273-475C-8ABB-9522CA8A2385}.Debug|Any CPU.Build.0 = Debug|Any CPU
		{A8FC37A6-E273-475C-8ABB-9522CA8A2385}.Release|Any CPU.ActiveCfg = Release|Any CPU
		{A8FC37A6-E273-475C-8ABB-9522CA8A2385}.Release|Any CPU.Build.0 = Release|Any CPU
	EndGlobalSection
	GlobalSection(SolutionProperties) = preSolution
		HideSolutionNode = FALSE
	EndGlobalSection
	GlobalSection(ExtensibilityGlobals) = postSolution
		SolutionGuid = {5E001039-1053-468B-AECB-A0D230210D4A}
	EndGlobalSection
EndGlobal
